
Microsoft Visual Studio Solution File, Format Version 12.00
# Visual Studio Version 17
VisualStudioVersion = 17.1.32210.238
MinimumVisualStudioVersion = 10.0.40219.1
Project("{FAE04EC0-301F-11D3-BF4B-00C04F79EFBC}") = "HW_1", "HW_1.csproj", "{2DF627A3-611F-4223-80DF-CD0DADC5FFF4}"
EndProject
Global
	GlobalSection(SolutionConfigurationPlatforms) = preSolution
		Debug|Any CPU = Debug|Any CPU
		Release|Any CPU = Release|Any CPU
	EndGlobalSection
	GlobalSection(ProjectConfigurationPlatforms) = postSolution
		{2DF627A3-611F-4223-80DF-CD0DADC5FFF4}.Debug|Any CPU.ActiveCfg = Debug|Any CPU
		{2DF627A3-611F-4223-80DF-CD0DADC5FFF4}.Debug|Any CPU.Build.0 = Debug|Any CPU
		{2DF627A3-611F-4223-80DF-CD0DADC5FFF4}.Release|Any CPU.ActiveCfg = Release|Any CPU
		{2DF627A3-611F-4223-80DF-CD0DADC5FFF4}.Release|Any CPU.Build.0 = Release|Any CPU
	EndGlobalSection
	GlobalSection(SolutionProperties) = preSolution
		HideSolutionNode = FALSE
	EndGlobalSection
	GlobalSection(ExtensibilityGlobals) = postSolution
		SolutionGuid = {8F72A571-69AE-4625-9483-A005370EBD1F}
	EndGlobalSection
EndGlobal
